
Microsoft Visual Studio Solution File, Format Version 12.00
# Visual Studio 15
VisualStudioVersion = 15.0.28010.2048
MinimumVisualStudioVersion = 10.0.40219.1
Project("{9A19103F-16F7-4668-BE54-9A1E7A4F7556}") = "SimpleUI", "SimpleUI\SimpleUI.csproj", "{F2EA7312-C43D-4A39-A832-6BD1A8DC3CE6}"
EndProject
Project("{9A19103F-16F7-4668-BE54-9A1E7A4F7556}") = "SimpleApi", "SimpleApi\SimpleApi.csproj", "{EBA6E404-E8CB-4FB8-975B-3C62D13E77EE}"
EndProject
Project("{FAE04EC0-301F-11D3-BF4B-00C04F79EFBC}") = "Simple.Serilog", "Simple.Serilog\Simple.Serilog.csproj", "{72252308-0367-4485-AB4B-366A6423AC10}"
EndProject
Global
	GlobalSection(SolutionConfigurationPlatforms) = preSolution
		Debug|Any CPU = Debug|Any CPU
		Release|Any CPU = Release|Any CPU
	EndGlobalSection
	GlobalSection(ProjectConfigurationPlatforms) = postSolution
		{F2EA7312-C43D-4A39-A832-6BD1A8DC3CE6}.Debug|Any CPU.ActiveCfg = Debug|Any CPU
		{F2EA7312-C43D-4A39-A832-6BD1A8DC3CE6}.Debug|Any CPU.Build.0 = Debug|Any CPU
		{F2EA7312-C43D-4A39-A832-6BD1A8DC3CE6}.Release|Any CPU.ActiveCfg = Release|Any CPU
		{F2EA7312-C43D-4A39-A832-6BD1A8DC3CE6}.Release|Any CPU.Build.0 = Release|Any CPU
		{EBA6E404-E8CB-4FB8-975B-3C62D13E77EE}.Debug|Any CPU.ActiveCfg = Debug|Any CPU
		{EBA6E404-E8CB-4FB8-975B-3C62D13E77EE}.Debug|Any CPU.Build.0 = Debug|Any CPU
		{EBA6E404-E8CB-4FB8-975B-3C62D13E77EE}.Release|Any CPU.ActiveCfg = Release|Any CPU
		{EBA6E404-E8CB-4FB8-975B-3C62D13E77EE}.Release|Any CPU.Build.0 = Release|Any CPU
		{72252308-0367-4485-AB4B-366A6423AC10}.Debug|Any CPU.ActiveCfg = Debug|Any CPU
		{72252308-0367-4485-AB4B-366A6423AC10}.Debug|Any CPU.Build.0 = Debug|Any CPU
		{72252308-0367-4485-AB4B-366A6423AC10}.Release|Any CPU.ActiveCfg = Release|Any CPU
		{72252308-0367-4485-AB4B-366A6423AC10}.Release|Any CPU.Build.0 = Release|Any CPU
	EndGlobalSection
	GlobalSection(SolutionProperties) = preSolution
		HideSolutionNode = FALSE
	EndGlobalSection
	GlobalSection(ExtensibilityGlobals) = postSolution
		SolutionGuid = {CF19EB70-AC1C-4FCC-9BBB-23B65A039914}
	EndGlobalSection
EndGlobal
